
Microsoft Visual Studio Solution File, Format Version 11.00
# Visual Studio 2010
Project("{EDCC3B85-0BAD-11DB-BC1A-00112FDE8B61}") = "DisposableTest", "DisposableTest\DisposableTest.nproj", "{FA6267EA-685B-4708-9B13-290724C4B92C}"
EndProject
Global
	GlobalSection(SolutionConfigurationPlatforms) = preSolution
		Debug|Any CPU = Debug|Any CPU
		Release|Any CPU = Release|Any CPU
	EndGlobalSection
	GlobalSection(ProjectConfigurationPlatforms) = postSolution
		{FA6267EA-685B-4708-9B13-290724C4B92C}.Debug|Any CPU.ActiveCfg = Debug|Any CPU
		{FA6267EA-685B-4708-9B13-290724C4B92C}.Debug|Any CPU.Build.0 = Debug|Any CPU
		{FA6267EA-685B-4708-9B13-290724C4B92C}.Release|Any CPU.ActiveCfg = Release|Any CPU
		{FA6267EA-685B-4708-9B13-290724C4B92C}.Release|Any CPU.Build.0 = Release|Any CPU
	EndGlobalSection
	GlobalSection(SolutionProperties) = preSolution
		HideSolutionNode = FALSE
	EndGlobalSection
EndGlobal
